
Microsoft Visual Studio Solution File, Format Version 12.00
# Visual Studio 15
VisualStudioVersion = 15.0.28010.2050
MinimumVisualStudioVersion = 10.0.40219.1
Project("{FAE04EC0-301F-11D3-BF4B-00C04F79EFBC}") = "ScrabbleTowers", "ScrabbleTowers\ScrabbleTowers.csproj", "{A520EC6E-F523-43AF-A7EE-C236287E3BA1}"
EndProject
Project("{2150E333-8FDC-42A3-9474-1A3956D46DE8}") = "Tests", "Tests", "{0B18244E-E994-4402-937C-77BC1D36C9E9}"
EndProject
Project("{FAE04EC0-301F-11D3-BF4B-00C04F79EFBC}") = "ScrabbleTowers.Tests", "..\ScrabbleTowers.Tests\ScrabbleTowers.Tests.csproj", "{856AEDED-F010-4D83-BA44-32466450ED33}"
EndProject
Global
	GlobalSection(SolutionConfigurationPlatforms) = preSolution
		Debug|Any CPU = Debug|Any CPU
		Release|Any CPU = Release|Any CPU
	EndGlobalSection
	GlobalSection(ProjectConfigurationPlatforms) = postSolution
		{A520EC6E-F523-43AF-A7EE-C236287E3BA1}.Debug|Any CPU.ActiveCfg = Debug|Any CPU
		{A520EC6E-F523-43AF-A7EE-C236287E3BA1}.Debug|Any CPU.Build.0 = Debug|Any CPU
		{A520EC6E-F523-43AF-A7EE-C236287E3BA1}.Release|Any CPU.ActiveCfg = Release|Any CPU
		{A520EC6E-F523-43AF-A7EE-C236287E3BA1}.Release|Any CPU.Build.0 = Release|Any CPU
		{856AEDED-F010-4D83-BA44-32466450ED33}.Debug|Any CPU.ActiveCfg = Debug|Any CPU
		{856AEDED-F010-4D83-BA44-32466450ED33}.Debug|Any CPU.Build.0 = Debug|Any CPU
		{856AEDED-F010-4D83-BA44-32466450ED33}.Release|Any CPU.ActiveCfg = Release|Any CPU
		{856AEDED-F010-4D83-BA44-32466450ED33}.Release|Any CPU.Build.0 = Release|Any CPU
	EndGlobalSection
	GlobalSection(SolutionProperties) = preSolution
		HideSolutionNode = FALSE
	EndGlobalSection
	GlobalSection(NestedProjects) = preSolution
		{856AEDED-F010-4D83-BA44-32466450ED33} = {0B18244E-E994-4402-937C-77BC1D36C9E9}
	EndGlobalSection
	GlobalSection(ExtensibilityGlobals) = postSolution
		SolutionGuid = {F79C7D29-0660-4291-8C28-9EEA2B9F665F}
	EndGlobalSection
EndGlobal
